Microsoft Visual Studio Solution File, Format Version 12.00
# Visual Studio Version 17
VisualStudioVersion = 17.5.2.0
MinimumVisualStudioVersion = 10.0.40219.1
Project("{FAE04EC0-301F-11D3-BF4B-00C04F79EFBC}") = "StudentGradeTracker", "StudentGradeTracker.csproj", "{BEF481C3-2AEB-B366-8F94-30C5FF3D794B}"
EndProject
Global
	GlobalSection(SolutionConfigurationPlatforms) = preSolution
		Debug|Any CPU = Debug|Any CPU
		Release|Any CPU = Release|Any CPU
	EndGlobalSection
	GlobalSection(ProjectConfigurationPlatforms) = postSolution
		{BEF481C3-2AEB-B366-8F94-30C5FF3D794B}.Debug|Any CPU.ActiveCfg = Debug|Any CPU
		{BEF481C3-2AEB-B366-8F94-30C5FF3D794B}.Debug|Any CPU.Build.0 = Debug|Any CPU
		{BEF481C3-2AEB-B366-8F94-30C5FF3D794B}.Release|Any CPU.ActiveCfg = Release|Any CPU
		{BEF481C3-2AEB-B366-8F94-30C5FF3D794B}.Release|Any CPU.Build.0 = Release|Any CPU
	EndGlobalSection
	GlobalSection(SolutionProperties) = preSolution
		HideSolutionNode = FALSE
	EndGlobalSection
	GlobalSection(ExtensibilityGlobals) = postSolution
		SolutionGuid = {28C00526-51B5-4CCC-99DF-D23DD1FEE71C}
	EndGlobalSection
EndGlobal
